github.com/cbergoon/merkletree v0.2.0 h1:Bttqr3OuoiZEo4ed1L7fTasHka9II+BF9fhBfbNEEoQ=
github.com/cbergoon/merkletree v0.2.0/go.mod h1:5c15eckUgiucMGDOCanvalj/yJnD+KAZj1qyJtRW5aM=
golang.org/x/sync v0.0.0-20220722155255-886fb9371eb4 h1:uVc8UZUe6tr40fFVnUP5Oj+veunVezqYl9z7DYw9xzw=
golang.org/x/sync v0.0.0-20220722155255-886fb9371eb4/go.mod h1:RxMgew5VJxzue5/jJTE5uejpjVlOe/izrB70Jof72aM=
